
Microsoft Visual Studio Solution File, Format Version 12.00
# Visual Studio Version 16
VisualStudioVersion = 16.0.30907.101
MinimumVisualStudioVersion = 10.0.40219.1
Project("{9A19103F-16F7-4668-BE54-9A1E7A4F7556}") = "RestWithASPNET", "RestWithASPNET\RestWithASPNET.csproj", "{9A209795-05FF-48EE-939C-45B352230F3E}"
EndProject
Project("{E53339B2-1760-4266-BCC7-CA923CBCF16C}") = "docker-compose", "docker-compose.dcproj", "{6680FB1A-9941-4C08-95E6-F63E664515DF}"
EndProject
Global
	GlobalSection(SolutionConfigurationPlatforms) = preSolution
		Debug|Any CPU = Debug|Any CPU
		Release|Any CPU = Release|Any CPU
	EndGlobalSection
	GlobalSection(ProjectConfigurationPlatforms) = postSolution
		{9A209795-05FF-48EE-939C-45B352230F3E}.Debug|Any CPU.ActiveCfg = Debug|Any CPU
		{9A209795-05FF-48EE-939C-45B352230F3E}.Debug|Any CPU.Build.0 = Debug|Any CPU
		{9A209795-05FF-48EE-939C-45B352230F3E}.Release|Any CPU.ActiveCfg = Release|Any CPU
		{9A209795-05FF-48EE-939C-45B352230F3E}.Release|Any CPU.Build.0 = Release|Any CPU
		{6680FB1A-9941-4C08-95E6-F63E664515DF}.Debug|Any CPU.ActiveCfg = Debug|Any CPU
		{6680FB1A-9941-4C08-95E6-F63E664515DF}.Debug|Any CPU.Build.0 = Debug|Any CPU
		{6680FB1A-9941-4C08-95E6-F63E664515DF}.Release|Any CPU.ActiveCfg = Release|Any CPU
		{6680FB1A-9941-4C08-95E6-F63E664515DF}.Release|Any CPU.Build.0 = Release|Any CPU
	EndGlobalSection
	GlobalSection(SolutionProperties) = preSolution
		HideSolutionNode = FALSE
	EndGlobalSection
	GlobalSection(ExtensibilityGlobals) = postSolution
		SolutionGuid = {2EDB7FE7-328F-449D-9C1C-0FC3BF22EA18}
	EndGlobalSection
EndGlobal
